Microsoft Visual Studio Solution File, Format Version 12.00
# Visual Studio Version 17
VisualStudioVersion = 17.5.2.0
MinimumVisualStudioVersion = 10.0.40219.1
Project("{FAE04EC0-301F-11D3-BF4B-00C04F79EFBC}") = "MovieApiApp", "MovieApiApp.csproj", "{0E789551-4E7F-F802-71D1-EA49DE788D02}"
EndProject
Global
	GlobalSection(SolutionConfigurationPlatforms) = preSolution
		Debug|Any CPU = Debug|Any CPU
		Release|Any CPU = Release|Any CPU
	EndGlobalSection
	GlobalSection(ProjectConfigurationPlatforms) = postSolution
		{0E789551-4E7F-F802-71D1-EA49DE788D02}.Debug|Any CPU.ActiveCfg = Debug|Any CPU
		{0E789551-4E7F-F802-71D1-EA49DE788D02}.Debug|Any CPU.Build.0 = Debug|Any CPU
		{0E789551-4E7F-F802-71D1-EA49DE788D02}.Release|Any CPU.ActiveCfg = Release|Any CPU
		{0E789551-4E7F-F802-71D1-EA49DE788D02}.Release|Any CPU.Build.0 = Release|Any CPU
	EndGlobalSection
	GlobalSection(SolutionProperties) = preSolution
		HideSolutionNode = FALSE
	EndGlobalSection
	GlobalSection(ExtensibilityGlobals) = postSolution
		SolutionGuid = {3E0C16B6-EB86-46BF-AF39-DFB8680944F6}
	EndGlobalSection
EndGlobal
